
Microsoft Visual Studio Solution File, Format Version 12.00
# Visual Studio Version 17
VisualStudioVersion = 17.0.32014.148
MinimumVisualStudioVersion = 10.0.40219.1
Project("{9A19103F-16F7-4668-BE54-9A1E7A4F7556}") = "Project_Qeue", "Project_Qeue\Project_Qeue.csproj", "{B1B0308A-1E03-481D-9AF6-E1A814A45656}"
EndProject
Project("{9A19103F-16F7-4668-BE54-9A1E7A4F7556}") = "DataAcess", "DataAcess\DataAcess.csproj", "{0A102582-6A0E-4F3C-A8B4-B83D092BC62E}"
EndProject
Project("{9A19103F-16F7-4668-BE54-9A1E7A4F7556}") = "Common", "Common\Common.csproj", "{128DF24C-1C5A-4B9E-9754-C99511F81ADE}"
EndProject
Project("{FAE04EC0-301F-11D3-BF4B-00C04F79EFBC}") = "Business", "Business\Business.csproj", "{B7540650-E19A-49A4-BCC4-EF9A46A771DE}"
EndProject
Project("{FAE04EC0-301F-11D3-BF4B-00C04F79EFBC}") = "Models", "Models\Models.csproj", "{ED82C77B-E151-44E4-9FF9-B12232CB0EAC}"
EndProject
Global
	GlobalSection(SolutionConfigurationPlatforms) = preSolution
		Debug|Any CPU = Debug|Any CPU
		Release|Any CPU = Release|Any CPU
	EndGlobalSection
	GlobalSection(ProjectConfigurationPlatforms) = postSolution
		{B1B0308A-1E03-481D-9AF6-E1A814A45656}.Debug|Any CPU.ActiveCfg = Debug|Any CPU
		{B1B0308A-1E03-481D-9AF6-E1A814A45656}.Debug|Any CPU.Build.0 = Debug|Any CPU
		{B1B0308A-1E03-481D-9AF6-E1A814A45656}.Release|Any CPU.ActiveCfg = Release|Any CPU
		{B1B0308A-1E03-481D-9AF6-E1A814A45656}.Release|Any CPU.Build.0 = Release|Any CPU
		{0A102582-6A0E-4F3C-A8B4-B83D092BC62E}.Debug|Any CPU.ActiveCfg = Debug|Any CPU
		{0A102582-6A0E-4F3C-A8B4-B83D092BC62E}.Debug|Any CPU.Build.0 = Debug|Any CPU
		{0A102582-6A0E-4F3C-A8B4-B83D092BC62E}.Release|Any CPU.ActiveCfg = Release|Any CPU
		{0A102582-6A0E-4F3C-A8B4-B83D092BC62E}.Release|Any CPU.Build.0 = Release|Any CPU
		{128DF24C-1C5A-4B9E-9754-C99511F81ADE}.Debug|Any CPU.ActiveCfg = Debug|Any CPU
		{128DF24C-1C5A-4B9E-9754-C99511F81ADE}.Debug|Any CPU.Build.0 = Debug|Any CPU
		{128DF24C-1C5A-4B9E-9754-C99511F81ADE}.Release|Any CPU.ActiveCfg = Release|Any CPU
		{128DF24C-1C5A-4B9E-9754-C99511F81ADE}.Release|Any CPU.Build.0 = Release|Any CPU
		{B7540650-E19A-49A4-BCC4-EF9A46A771DE}.Debug|Any CPU.ActiveCfg = Debug|Any CPU
		{B7540650-E19A-49A4-BCC4-EF9A46A771DE}.Debug|Any CPU.Build.0 = Debug|Any CPU
		{B7540650-E19A-49A4-BCC4-EF9A46A771DE}.Release|Any CPU.ActiveCfg = Release|Any CPU
		{B7540650-E19A-49A4-BCC4-EF9A46A771DE}.Release|Any CPU.Build.0 = Release|Any CPU
		{ED82C77B-E151-44E4-9FF9-B12232CB0EAC}.Debug|Any CPU.ActiveCfg = Debug|Any CPU
		{ED82C77B-E151-44E4-9FF9-B12232CB0EAC}.Debug|Any CPU.Build.0 = Debug|Any CPU
		{ED82C77B-E151-44E4-9FF9-B12232CB0EAC}.Release|Any CPU.ActiveCfg = Release|Any CPU
		{ED82C77B-E151-44E4-9FF9-B12232CB0EAC}.Release|Any CPU.Build.0 = Release|Any CPU
	EndGlobalSection
	GlobalSection(SolutionProperties) = preSolution
		HideSolutionNode = FALSE
	EndGlobalSection
	GlobalSection(ExtensibilityGlobals) = postSolution
		SolutionGuid = {23C990AB-57AA-4F17-BC38-E96A1D6821B9}
	EndGlobalSection
EndGlobal
